
Microsoft Visual Studio Solution File, Format Version 12.00
# Visual Studio Version 17
VisualStudioVersion = 17.11.35327.3
MinimumVisualStudioVersion = 10.0.40219.1
Project("{9A19103F-16F7-4668-BE54-9A1E7A4F7556}") = "SeriLogExceptionHandlingLib", "SeriLogExceptionHandlingLib.csproj", "{C13BA2E0-0324-49AA-A4D6-BC06437DD2A3}"
EndProject
Global
	GlobalSection(SolutionConfigurationPlatforms) = preSolution
		Debug|Any CPU = Debug|Any CPU
		Release|Any CPU = Release|Any CPU
	EndGlobalSection
	GlobalSection(ProjectConfigurationPlatforms) = postSolution
		{C13BA2E0-0324-49AA-A4D6-BC06437DD2A3}.Debug|Any CPU.ActiveCfg = Debug|Any CPU
		{C13BA2E0-0324-49AA-A4D6-BC06437DD2A3}.Debug|Any CPU.Build.0 = Debug|Any CPU
		{C13BA2E0-0324-49AA-A4D6-BC06437DD2A3}.Release|Any CPU.ActiveCfg = Release|Any CPU
		{C13BA2E0-0324-49AA-A4D6-BC06437DD2A3}.Release|Any CPU.Build.0 = Release|Any CPU
	EndGlobalSection
	GlobalSection(SolutionProperties) = preSolution
		HideSolutionNode = FALSE
	EndGlobalSection
	GlobalSection(ExtensibilityGlobals) = postSolution
		SolutionGuid = {BB3736CB-DEA0-42F5-A1F6-509D0C2F6523}
	EndGlobalSection
EndGlobal
